
Microsoft Visual Studio Solution File, Format Version 12.00
# Visual Studio 15
VisualStudioVersion = 15.0.27130.2026
MinimumVisualStudioVersion = 10.0.40219.1
Project("{FAE04EC0-301F-11D3-BF4B-00C04F79EFBC}") = "WindowsFormsApp1", "WindowsFormsApp1\WindowsFormsApp1.csproj", "{ECF106CB-E9B4-4015-9205-344FD2EE2E30}"
EndProject
Global
	GlobalSection(SolutionConfigurationPlatforms) = preSolution
		Debug|Any CPU = Debug|Any CPU
		Release|Any CPU = Release|Any CPU
	EndGlobalSection
	GlobalSection(ProjectConfigurationPlatforms) = postSolution
		{ECF106CB-E9B4-4015-9205-344FD2EE2E30}.Debug|Any CPU.ActiveCfg = Debug|Any CPU
		{ECF106CB-E9B4-4015-9205-344FD2EE2E30}.Debug|Any CPU.Build.0 = Debug|Any CPU
		{ECF106CB-E9B4-4015-9205-344FD2EE2E30}.Release|Any CPU.ActiveCfg = Release|Any CPU
		{ECF106CB-E9B4-4015-9205-344FD2EE2E30}.Release|Any CPU.Build.0 = Release|Any CPU
	EndGlobalSection
	GlobalSection(SolutionProperties) = preSolution
		HideSolutionNode = FALSE
	EndGlobalSection
	GlobalSection(ExtensibilityGlobals) = postSolution
		SolutionGuid = {50C71764-C9D3-4BDD-B100-9E88EBB31229}
	EndGlobalSection
EndGlobal
